[[package]]
name = "rsym"
version = "0.1.0"
dependencies = [
 "z3-sys 0.3.0 (registry+https://github.com/rust-lang/crates.io-index)",
]

[[package]]
name = "z3-sys"
version = "0.3.0"
source = "registry+https://github.com/rust-lang/crates.io-index"

[metadata]
"checksum z3-sys 0.3.0 (registry+https://github.com/rust-lang/crates.io-index)" = "b9b683d22042dbcd04b737ba483fc6d0242a4a58289803d096154b3e007f963d"
